
Microsoft Visual Studio Solution File, Format Version 12.00
# Visual Studio 15
VisualStudioVersion = 15.0.28307.645
MinimumVisualStudioVersion = 10.0.40219.1
Project("{FAE04EC0-301F-11D3-BF4B-00C04F79EFBC}") = "Demo04", "Demo04\Demo04.csproj", "{DAF96C03-1E41-4A39-AE8A-A9E5ED881B60}"
EndProject
Project("{9A19103F-16F7-4668-BE54-9A1E7A4F7556}") = "Demo05", "Demo05\Demo05.csproj", "{FB720B49-8E81-43B2-BD18-4EC058D0FC1F}"
EndProject
Global
	GlobalSection(SolutionConfigurationPlatforms) = preSolution
		Debug|Any CPU = Debug|Any CPU
		Release|Any CPU = Release|Any CPU
	EndGlobalSection
	GlobalSection(ProjectConfigurationPlatforms) = postSolution
		{DAF96C03-1E41-4A39-AE8A-A9E5ED881B60}.Debug|Any CPU.ActiveCfg = Debug|Any CPU
		{DAF96C03-1E41-4A39-AE8A-A9E5ED881B60}.Debug|Any CPU.Build.0 = Debug|Any CPU
		{DAF96C03-1E41-4A39-AE8A-A9E5ED881B60}.Release|Any CPU.ActiveCfg = Release|Any CPU
		{DAF96C03-1E41-4A39-AE8A-A9E5ED881B60}.Release|Any CPU.Build.0 = Release|Any CPU
		{FB720B49-8E81-43B2-BD18-4EC058D0FC1F}.Debug|Any CPU.ActiveCfg = Debug|Any CPU
		{FB720B49-8E81-43B2-BD18-4EC058D0FC1F}.Debug|Any CPU.Build.0 = Debug|Any CPU
		{FB720B49-8E81-43B2-BD18-4EC058D0FC1F}.Release|Any CPU.ActiveCfg = Release|Any CPU
		{FB720B49-8E81-43B2-BD18-4EC058D0FC1F}.Release|Any CPU.Build.0 = Release|Any CPU
	EndGlobalSection
	GlobalSection(SolutionProperties) = preSolution
		HideSolutionNode = FALSE
	EndGlobalSection
	GlobalSection(ExtensibilityGlobals) = postSolution
		SolutionGuid = {6D6BA3B6-E453-48A2-A9EE-FE2C1D36931C}
	EndGlobalSection
EndGlobal
